{
  "name": "gameengine",
  "version": "1.0.0",
  "lockfileVersion": 1,
  "requires": true,
  "dependencies": {
    "@types/events": {
      "version": "1.2.0",
      "resolved": "https://registry.npmjs.org/@types/events/-/events-1.2.0.tgz",
      "integrity": "sha512-KEIlhXnIutzKwRbQkGWb/I4HFqBuUykAdHgDED6xqwXJfONCjF5VoE0cXEiurh3XauygxzeDzgtXUqvLkxFzzA=="
    },
    "@types/node": {
      "version": "10.5.2",
      "resolved": "https://registry.npmjs.org/@types/node/-/node-10.5.2.tgz",
      "integrity": "sha512-m9zXmifkZsMHZBOyxZWilMwmTlpC8x5Ty360JKTiXvlXZfBWYpsg9ZZvP/Ye+iZUh+Q+MxDLjItVTWIsfwz+8Q=="
    },
    "@types/ws": {
      "version": "5.1.2",
      "resolved": "https://registry.npmjs.org/@types/ws/-/ws-5.1.2.tgz",
      "integrity": "sha512-NkTXUKTYdXdnPE2aUUbGOXE1XfMK527SCvU/9bj86kyFF6kZ9ZnOQ3mK5jADn98Y2vEUD/7wKDgZa7Qst2wYOg==",
      "requires": {
        "@types/events": "1.2.0",
        "@types/node": "10.5.2"
      }
    },
    "async-limiter": {
      "version": "1.0.0",
      "resolved": "https://registry.npmjs.org/async-limiter/-/async-limiter-1.0.0.tgz",
      "integrity": "sha512-jp/uFnooOiO+L211eZOoSyzpOITMXx1rBITauYykG3BRYPu8h0UcxsPNB04RR5vo4Tyz3+ay17tR6JVf9qzYWg=="
    },
    "babylonjs": {
      "version": "3.2.0",
      "resolved": "https://registry.npmjs.org/babylonjs/-/babylonjs-3.2.0.tgz",
      "integrity": "sha512-fTn8Zvhm95LuMFlk+q9R96sH37JoZI4aZvjAhzTcbaQMJfb5ey7yYgGRlUk/fW42DLQw4ALk59ra6JGCEJaADw=="
    },
    "babylonjs-gltf2interface": {
      "version": "3.2.0",
      "resolved": "https://registry.npmjs.org/babylonjs-gltf2interface/-/babylonjs-gltf2interface-3.2.0.tgz",
      "integrity": "sha512-+AA/OXJCX+0auczzHlJW+uJYaYT6Rkf+3dy1bzPr7pck7c69M2wdnY9hVwUriXoC3alI1CzOy+Ttgiwhxuk57g=="
    },
    "babylonjs-loaders": {
      "version": "3.2.0",
      "resolved": "https://registry.npmjs.org/babylonjs-loaders/-/babylonjs-loaders-3.2.0.tgz",
      "integrity": "sha512-7r6k1Nb699aSrtD7eEqBF5eoHhdno9XF89tzk/vw7fm1ATkvQ7+g/+qQe9OFh0SZTfLsU0ib3Vl0j4dECOEVog==",
      "requires": {
        "babylonjs-gltf2interface": "3.2.0"
      }
    },
    "nethandler": {
      "version": "1.0.15",
      "resolved": "https://registry.npmjs.org/nethandler/-/nethandler-1.0.15.tgz",
      "integrity": "sha512-yyoJNmkIoT1lDzBQFlItM1lZMKq71gBUQeZe8svB1E+UURWqyGeBbCbxtpGT4Rgxi0vGxXied0uktho2BHUmzA=="
    },
    "typescript": {
      "version": "2.9.2",
      "resolved": "https://registry.npmjs.org/typescript/-/typescript-2.9.2.tgz",
      "integrity": "sha512-Gr4p6nFNaoufRIY4NMdpQRNmgxVIGMs4Fcu/ujdYk3nAZqk7supzBE9idmvfZIlH/Cuj//dvi+019qEue9lV0w==",
      "dev": true
    },
    "ws": {
      "version": "5.2.2",
      "resolved": "https://registry.npmjs.org/ws/-/ws-5.2.2.tgz",
      "integrity": "sha512-jaHFD6PFv6UgoIVda6qZllptQsMlDEJkTQcybzzXDYM1XO9Y8em691FGMPmM46WGyLU4z9KMgQN+qrux/nhlHA==",
      "requires": {
        "async-limiter": "1.0.0"
      }
    }
  }
}
